lockfileVersion: '9.0'

settings:
  autoInstallPeers: true
  excludeLinksFromLockfile: false

importers:

  .:
    dependencies:
      source-map:
        specifier: 0.8.0
        version: 0.8.0

packages:

  source-map@0.8.0:
    resolution: {integrity: sha512-d8EqvL+k/SOXCreS/SUzg2ciyHqBBLcN/yuRjFsbvVhHTE2pgei7oAhmPM7kWFbkX6OSMQfUq4KbkF3au9lhYQ==}
    engines: {node: '>= 12'}

snapshots:

  source-map@0.8.0: {}
